
Microsoft Visual Studio Solution File, Format Version 12.00
# Visual Studio 15
VisualStudioVersion = 15.0.27130.2036
MinimumVisualStudioVersion = 10.0.40219.1
Project("{FAE04EC0-301F-11D3-BF4B-00C04F79EFBC}") = "BookApp", "BookApp\BookApp.csproj", "{B4BFDB1D-AB46-42F9-A555-8A07E5D204C5}"
EndProject
Global
	GlobalSection(SolutionConfigurationPlatforms) = preSolution
		Debug|Any CPU = Debug|Any CPU
		Release|Any CPU = Release|Any CPU
	EndGlobalSection
	GlobalSection(ProjectConfigurationPlatforms) = postSolution
		{B4BFDB1D-AB46-42F9-A555-8A07E5D204C5}.Debug|Any CPU.ActiveCfg = Debug|Any CPU
		{B4BFDB1D-AB46-42F9-A555-8A07E5D204C5}.Debug|Any CPU.Build.0 = Debug|Any CPU
		{B4BFDB1D-AB46-42F9-A555-8A07E5D204C5}.Release|Any CPU.ActiveCfg = Release|Any CPU
		{B4BFDB1D-AB46-42F9-A555-8A07E5D204C5}.Release|Any CPU.Build.0 = Release|Any CPU
	EndGlobalSection
	GlobalSection(SolutionProperties) = preSolution
		HideSolutionNode = FALSE
	EndGlobalSection
	GlobalSection(ExtensibilityGlobals) = postSolution
		SolutionGuid = {E55C4A51-79A6-4562-8E1C-0BC2C0B49DCD}
	EndGlobalSection
EndGlobal
